
Microsoft Visual Studio Solution File, Format Version 12.00
# Visual Studio Version 16
VisualStudioVersion = 16.0.30804.86
MinimumVisualStudioVersion = 10.0.40219.1
Project("{FAE04EC0-301F-11D3-BF4B-00C04F79EFBC}") = "ClassMetotDemo", "ClassMetotDemo\ClassMetotDemo.csproj", "{4C5108FA-1957-4040-9E6C-4878DF1CDD7A}"
EndProject
Global
	GlobalSection(SolutionConfigurationPlatforms) = preSolution
		Debug|Any CPU = Debug|Any CPU
		Release|Any CPU = Release|Any CPU
	EndGlobalSection
	GlobalSection(ProjectConfigurationPlatforms) = postSolution
		{4C5108FA-1957-4040-9E6C-4878DF1CDD7A}.Debug|Any CPU.ActiveCfg = Debug|Any CPU
		{4C5108FA-1957-4040-9E6C-4878DF1CDD7A}.Debug|Any CPU.Build.0 = Debug|Any CPU
		{4C5108FA-1957-4040-9E6C-4878DF1CDD7A}.Release|Any CPU.ActiveCfg = Release|Any CPU
		{4C5108FA-1957-4040-9E6C-4878DF1CDD7A}.Release|Any CPU.Build.0 = Release|Any CPU
	EndGlobalSection
	GlobalSection(SolutionProperties) = preSolution
		HideSolutionNode = FALSE
	EndGlobalSection
	GlobalSection(ExtensibilityGlobals) = postSolution
		SolutionGuid = {7E453FD3-1CCE-4309-8704-691D939F4F27}
	EndGlobalSection
EndGlobal
